
Microsoft Visual Studio Solution File, Format Version 10.00
# Visual Studio 2008
Project("{8BC9CEB8-8B4A-11D0-8D11-00A0C91BC942}") = "FabAtHome", "FabAtHome.vcproj", "{F5F3399D-BB76-4138-95B4-369A28834510}"
EndProject
Global
	GlobalSection(SolutionConfigurationPlatforms) = preSolution
		Debug|Win32 = Debug|Win32
		Release|Win32 = Release|Win32
	EndGlobalSection
	GlobalSection(ProjectConfigurationPlatforms) = postSolution
		{F5F3399D-BB76-4138-95B4-369A28834510}.Debug|Win32.ActiveCfg = Debug|Win32
		{F5F3399D-BB76-4138-95B4-369A28834510}.Debug|Win32.Build.0 = Debug|Win32
		{F5F3399D-BB76-4138-95B4-369A28834510}.Release|Win32.ActiveCfg = Release|Win32
		{F5F3399D-BB76-4138-95B4-369A28834510}.Release|Win32.Build.0 = Release|Win32
	EndGlobalSection
	GlobalSection(SolutionProperties) = preSolution
		HideSolutionNode = FALSE
	EndGlobalSection
EndGlobal
